
Microsoft Visual Studio Solution File, Format Version 12.00
# Visual Studio 14
VisualStudioVersion = 14.0.25420.1
MinimumVisualStudioVersion = 10.0.40219.1
Project("{FAE04EC0-301F-11D3-BF4B-00C04F79EFBC}") = "ServicesWeb", "WS_Hotline.ServicesWeb\ServicesWeb.csproj", "{E4E4F53E-C706-4130-A456-3C4F9694C346}"
EndProject
Project("{2150E333-8FDC-42A3-9474-1A3956D46DE8}") = "01 - User-End", "01 - User-End", "{91CE60EB-1760-4B8D-BAC2-F6FF60EE204D}"
EndProject
Project("{2150E333-8FDC-42A3-9474-1A3956D46DE8}") = "02 - Métier", "02 - Métier", "{E0461B8D-18E8-4C6F-9B59-3A77B220873C}"
EndProject
Project("{FAE04EC0-301F-11D3-BF4B-00C04F79EFBC}") = "DomainLibrary", "WS_Hotline.DomainLibrary\DomainLibrary.csproj", "{613D58E2-2512-4E27-8EE3-F22E40B6EE0A}"
EndProject
Project("{FAE04EC0-301F-11D3-BF4B-00C04F79EFBC}") = "UnitTestDomain", "UnitTestDomain\UnitTestDomain.csproj", "{753A6EF2-E7EA-4863-AC6A-5813651BE841}"
EndProject
Project("{2150E333-8FDC-42A3-9474-1A3956D46DE8}") = "03 - Data Access Layer", "03 - Data Access Layer", "{AE0024E0-DE4E-4645-AD68-6C0199A88FB9}"
EndProject
Project("{FAE04EC0-301F-11D3-BF4B-00C04F79EFBC}") = "DataAccessLayer", "WS_Hotline.DataAccessLayer\DataAccessLayer.csproj", "{5B430D82-5023-4325-8147-11616E3BEECC}"
EndProject
Project("{2150E333-8FDC-42A3-9474-1A3956D46DE8}") = "04 - DTO", "04 - DTO", "{9CC9C648-3388-4D32-AB0A-08F2D9D465B1}"
EndProject
Project("{2150E333-8FDC-42A3-9474-1A3956D46DE8}") = "05 - Framework", "05 - Framework", "{6016DF0A-3E59-4133-AD44-3C6CC979FC57}"
EndProject
Project("{2150E333-8FDC-42A3-9474-1A3956D46DE8}") = "99 - Template", "99 - Template", "{8B2F971D-2CEC-40CB-BF57-48703E9F1D4B}"
EndProject
Project("{2150E333-8FDC-42A3-9474-1A3956D46DE8}") = "00 - Document", "00 - Document", "{39DB080F-8EDF-4E3D-8376-E1D927D3F54F}"
EndProject
Project("{FAE04EC0-301F-11D3-BF4B-00C04F79EFBC}") = "UnitTestDAL", "UnitTestDAL\UnitTestDAL.csproj", "{8A9D772C-F865-4BC2-A201-01CD7537F743}"
EndProject
Project("{FAE04EC0-301F-11D3-BF4B-00C04F79EFBC}") = "Framework", "Framework\Framework.csproj", "{ADD921A7-7803-4419-99FF-BF39961587EC}"
EndProject
Project("{FAE04EC0-301F-11D3-BF4B-00C04F79EFBC}") = "DTOLibrary", "WS_Hotline.DTOLibrary\DTOLibrary.csproj", "{7CD234CA-43B2-49F1-9BE4-DE8F298232F4}"
EndProject
Project("{2150E333-8FDC-42A3-9474-1A3956D46DE8}") = "00 - Architecture", "00 - Architecture", "{E95DAA8C-AC4C-4969-B157-F8B6E673BF2B}"
	ProjectSection(SolutionItems) = preProject
		\\nts1\dvp\Documentation developpeur\Procédures Exo Partners\Modèle de spécifications\Dossier de spécifications techniques\A0001 Architecture - DST v 3.0.docx = \\nts1\dvp\Documentation developpeur\Procédures Exo Partners\Modèle de spécifications\Dossier de spécifications techniques\A0001 Architecture - DST v 3.0.docx
	EndProjectSection
EndProject
Project("{FAE04EC0-301F-11D3-BF4B-00C04F79EFBC}") = "TemplateT4", "TemplateT4\TemplateT4.csproj", "{617F2D3F-E95D-4E51-BFD4-4D754ADA487A}"
EndProject
Project("{2150E333-8FDC-42A3-9474-1A3956D46DE8}") = "06 - API Gemini", "06 - API Gemini", "{77D2CF32-01BC-493C-AF3A-B1A30CEB6B0F}"
EndProject
Project("{FAE04EC0-301F-11D3-BF4B-00C04F79EFBC}") = "API_GeminiLibrary", "API_GeminiLibrary\API_GeminiLibrary.csproj", "{9CDA1FAD-B809-40D7-90AE-C4AA7E07DFD1}"
EndProject
Project("{FAE04EC0-301F-11D3-BF4B-00C04F79EFBC}") = "Front-End", "WS_Hotline.Front-End\Front-End.csproj", "{7DB993B4-61B6-47BE-89DA-0807358FBFBA}"
EndProject
Global
	GlobalSection(SolutionConfigurationPlatforms) = preSolution
		Debug|Any CPU = Debug|Any CPU
		Publish|Any CPU = Publish|Any CPU
		Release|Any CPU = Release|Any CPU
	EndGlobalSection
	GlobalSection(ProjectConfigurationPlatforms) = postSolution
		{E4E4F53E-C706-4130-A456-3C4F9694C346}.Debug|Any CPU.ActiveCfg = Debug|Any CPU
		{E4E4F53E-C706-4130-A456-3C4F9694C346}.Debug|Any CPU.Build.0 = Debug|Any CPU
		{E4E4F53E-C706-4130-A456-3C4F9694C346}.Publish|Any CPU.ActiveCfg = Release|Any CPU
		{E4E4F53E-C706-4130-A456-3C4F9694C346}.Publish|Any CPU.Build.0 = Release|Any CPU
		{E4E4F53E-C706-4130-A456-3C4F9694C346}.Release|Any CPU.ActiveCfg = Release|Any CPU
		{E4E4F53E-C706-4130-A456-3C4F9694C346}.Release|Any CPU.Build.0 = Release|Any CPU
		{613D58E2-2512-4E27-8EE3-F22E40B6EE0A}.Debug|Any CPU.ActiveCfg = Debug|Any CPU
		{613D58E2-2512-4E27-8EE3-F22E40B6EE0A}.Debug|Any CPU.Build.0 = Debug|Any CPU
		{613D58E2-2512-4E27-8EE3-F22E40B6EE0A}.Publish|Any CPU.ActiveCfg = Release|Any CPU
		{613D58E2-2512-4E27-8EE3-F22E40B6EE0A}.Publish|Any CPU.Build.0 = Release|Any CPU
		{613D58E2-2512-4E27-8EE3-F22E40B6EE0A}.Release|Any CPU.ActiveCfg = Release|Any CPU
		{613D58E2-2512-4E27-8EE3-F22E40B6EE0A}.Release|Any CPU.Build.0 = Release|Any CPU
		{753A6EF2-E7EA-4863-AC6A-5813651BE841}.Debug|Any CPU.ActiveCfg = Debug|Any CPU
		{753A6EF2-E7EA-4863-AC6A-5813651BE841}.Debug|Any CPU.Build.0 = Debug|Any CPU
		{753A6EF2-E7EA-4863-AC6A-5813651BE841}.Publish|Any CPU.ActiveCfg = Release|Any CPU
		{753A6EF2-E7EA-4863-AC6A-5813651BE841}.Publish|Any CPU.Build.0 = Release|Any CPU
		{753A6EF2-E7EA-4863-AC6A-5813651BE841}.Release|Any CPU.ActiveCfg = Release|Any CPU
		{753A6EF2-E7EA-4863-AC6A-5813651BE841}.Release|Any CPU.Build.0 = Release|Any CPU
		{5B430D82-5023-4325-8147-11616E3BEECC}.Debug|Any CPU.ActiveCfg = Debug|Any CPU
		{5B430D82-5023-4325-8147-11616E3BEECC}.Debug|Any CPU.Build.0 = Debug|Any CPU
		{5B430D82-5023-4325-8147-11616E3BEECC}.Publish|Any CPU.ActiveCfg = Release|Any CPU
		{5B430D82-5023-4325-8147-11616E3BEECC}.Publish|Any CPU.Build.0 = Release|Any CPU
		{5B430D82-5023-4325-8147-11616E3BEECC}.Release|Any CPU.ActiveCfg = Release|Any CPU
		{5B430D82-5023-4325-8147-11616E3BEECC}.Release|Any CPU.Build.0 = Release|Any CPU
		{8A9D772C-F865-4BC2-A201-01CD7537F743}.Debug|Any CPU.ActiveCfg = Debug|Any CPU
		{8A9D772C-F865-4BC2-A201-01CD7537F743}.Debug|Any CPU.Build.0 = Debug|Any CPU
		{8A9D772C-F865-4BC2-A201-01CD7537F743}.Publish|Any CPU.ActiveCfg = Release|Any CPU
		{8A9D772C-F865-4BC2-A201-01CD7537F743}.Publish|Any CPU.Build.0 = Release|Any CPU
		{8A9D772C-F865-4BC2-A201-01CD7537F743}.Release|Any CPU.ActiveCfg = Release|Any CPU
		{8A9D772C-F865-4BC2-A201-01CD7537F743}.Release|Any CPU.Build.0 = Release|Any CPU
		{ADD921A7-7803-4419-99FF-BF39961587EC}.Debug|Any CPU.ActiveCfg = Debug|Any CPU
		{ADD921A7-7803-4419-99FF-BF39961587EC}.Debug|Any CPU.Build.0 = Debug|Any CPU
		{ADD921A7-7803-4419-99FF-BF39961587EC}.Publish|Any CPU.ActiveCfg = Publish|Any CPU
		{ADD921A7-7803-4419-99FF-BF39961587EC}.Publish|Any CPU.Build.0 = Publish|Any CPU
		{ADD921A7-7803-4419-99FF-BF39961587EC}.Release|Any CPU.ActiveCfg = Release|Any CPU
		{ADD921A7-7803-4419-99FF-BF39961587EC}.Release|Any CPU.Build.0 = Release|Any CPU
		{7CD234CA-43B2-49F1-9BE4-DE8F298232F4}.Debug|Any CPU.ActiveCfg = Debug|Any CPU
		{7CD234CA-43B2-49F1-9BE4-DE8F298232F4}.Debug|Any CPU.Build.0 = Debug|Any CPU
		{7CD234CA-43B2-49F1-9BE4-DE8F298232F4}.Publish|Any CPU.ActiveCfg = Release|Any CPU
		{7CD234CA-43B2-49F1-9BE4-DE8F298232F4}.Publish|Any CPU.Build.0 = Release|Any CPU
		{7CD234CA-43B2-49F1-9BE4-DE8F298232F4}.Release|Any CPU.ActiveCfg = Release|Any CPU
		{7CD234CA-43B2-49F1-9BE4-DE8F298232F4}.Release|Any CPU.Build.0 = Release|Any CPU
		{617F2D3F-E95D-4E51-BFD4-4D754ADA487A}.Debug|Any CPU.ActiveCfg = Debug|Any CPU
		{617F2D3F-E95D-4E51-BFD4-4D754ADA487A}.Debug|Any CPU.Build.0 = Debug|Any CPU
		{617F2D3F-E95D-4E51-BFD4-4D754ADA487A}.Publish|Any CPU.ActiveCfg = Release|Any CPU
		{617F2D3F-E95D-4E51-BFD4-4D754ADA487A}.Publish|Any CPU.Build.0 = Release|Any CPU
		{617F2D3F-E95D-4E51-BFD4-4D754ADA487A}.Release|Any CPU.ActiveCfg = Release|Any CPU
		{617F2D3F-E95D-4E51-BFD4-4D754ADA487A}.Release|Any CPU.Build.0 = Release|Any CPU
		{9CDA1FAD-B809-40D7-90AE-C4AA7E07DFD1}.Debug|Any CPU.ActiveCfg = Debug|Any CPU
		{9CDA1FAD-B809-40D7-90AE-C4AA7E07DFD1}.Debug|Any CPU.Build.0 = Debug|Any CPU
		{9CDA1FAD-B809-40D7-90AE-C4AA7E07DFD1}.Publish|Any CPU.ActiveCfg = Release|Any CPU
		{9CDA1FAD-B809-40D7-90AE-C4AA7E07DFD1}.Publish|Any CPU.Build.0 = Release|Any CPU
		{9CDA1FAD-B809-40D7-90AE-C4AA7E07DFD1}.Release|Any CPU.ActiveCfg = Release|Any CPU
		{9CDA1FAD-B809-40D7-90AE-C4AA7E07DFD1}.Release|Any CPU.Build.0 = Release|Any CPU
		{7DB993B4-61B6-47BE-89DA-0807358FBFBA}.Debug|Any CPU.ActiveCfg = Debug|Any CPU
		{7DB993B4-61B6-47BE-89DA-0807358FBFBA}.Debug|Any CPU.Build.0 = Debug|Any CPU
		{7DB993B4-61B6-47BE-89DA-0807358FBFBA}.Publish|Any CPU.ActiveCfg = Release|Any CPU
		{7DB993B4-61B6-47BE-89DA-0807358FBFBA}.Publish|Any CPU.Build.0 = Release|Any CPU
		{7DB993B4-61B6-47BE-89DA-0807358FBFBA}.Release|Any CPU.ActiveCfg = Release|Any CPU
		{7DB993B4-61B6-47BE-89DA-0807358FBFBA}.Release|Any CPU.Build.0 = Release|Any CPU
	EndGlobalSection
	GlobalSection(SolutionProperties) = preSolution
		HideSolutionNode = FALSE
	EndGlobalSection
	GlobalSection(NestedProjects) = preSolution
		{E4E4F53E-C706-4130-A456-3C4F9694C346} = {91CE60EB-1760-4B8D-BAC2-F6FF60EE204D}
		{613D58E2-2512-4E27-8EE3-F22E40B6EE0A} = {E0461B8D-18E8-4C6F-9B59-3A77B220873C}
		{753A6EF2-E7EA-4863-AC6A-5813651BE841} = {E0461B8D-18E8-4C6F-9B59-3A77B220873C}
		{5B430D82-5023-4325-8147-11616E3BEECC} = {AE0024E0-DE4E-4645-AD68-6C0199A88FB9}
		{8A9D772C-F865-4BC2-A201-01CD7537F743} = {AE0024E0-DE4E-4645-AD68-6C0199A88FB9}
		{ADD921A7-7803-4419-99FF-BF39961587EC} = {6016DF0A-3E59-4133-AD44-3C6CC979FC57}
		{7CD234CA-43B2-49F1-9BE4-DE8F298232F4} = {9CC9C648-3388-4D32-AB0A-08F2D9D465B1}
		{E95DAA8C-AC4C-4969-B157-F8B6E673BF2B} = {39DB080F-8EDF-4E3D-8376-E1D927D3F54F}
		{617F2D3F-E95D-4E51-BFD4-4D754ADA487A} = {8B2F971D-2CEC-40CB-BF57-48703E9F1D4B}
		{9CDA1FAD-B809-40D7-90AE-C4AA7E07DFD1} = {77D2CF32-01BC-493C-AF3A-B1A30CEB6B0F}
		{7DB993B4-61B6-47BE-89DA-0807358FBFBA} = {91CE60EB-1760-4B8D-BAC2-F6FF60EE204D}
	EndGlobalSection
EndGlobal
